
Microsoft Visual Studio Solution File, Format Version 12.00
# Visual Studio Version 17
VisualStudioVersion = 17.2.32516.85
MinimumVisualStudioVersion = 10.0.40219.1
Project("{2150E333-8FDC-42A3-9474-1A3956D46DE8}") = "src", "src", "{1ACD54F0-8F54-4631-87E7-6566EC02EDB9}"
EndProject
Project("{2150E333-8FDC-42A3-9474-1A3956D46DE8}") = "Solution Items", "Solution Items", "{6BF1E60C-40CE-43D3-B0BF-353ABCF497A4}"
	ProjectSection(SolutionItems) = preProject
		ServiceUrls.txt = ServiceUrls.txt
	EndProjectSection
EndProject
Project("{2150E333-8FDC-42A3-9474-1A3956D46DE8}") = "ApiGateways", "ApiGateways", "{9AA6AC2A-C346-49DD-8299-74D2D38A112C}"
EndProject
Project("{2150E333-8FDC-42A3-9474-1A3956D46DE8}") = "BuildingBlocks", "BuildingBlocks", "{DBA7C9AE-34F6-4F87-A1D5-1CE2601E2026}"
EndProject
Project("{2150E333-8FDC-42A3-9474-1A3956D46DE8}") = "Services", "Services", "{F131B3B0-69E1-43FC-82C1-393AD46D2170}"
EndProject
Project("{2150E333-8FDC-42A3-9474-1A3956D46DE8}") = "Clients", "Clients", "{C380B054-8C12-43DB-BBBF-3CB893EC815D}"
EndProject
Project("{2150E333-8FDC-42A3-9474-1A3956D46DE8}") = "Web", "Web", "{CCFAEDD1-AC94-41A3-81AB-BDCDAD7EF641}"
EndProject
Project("{FAE04EC0-301F-11D3-BF4B-00C04F79EFBC}") = "Web.ApiGateway", "src\ApiGateways\Web\Web.ApiGateway\Web.ApiGateway.csproj", "{150CE8FD-5B6A-4ACB-9526-CAA04214C39A}"
EndProject
Project("{2150E333-8FDC-42A3-9474-1A3956D46DE8}") = "EventBus", "EventBus", "{78FF0971-59AD-4B24-892A-343D6D11D381}"
EndProject
Project("{FAE04EC0-301F-11D3-BF4B-00C04F79EFBC}") = "EventBus.Base", "src\BuildingBlocks\EventBus\EventBus.Base\EventBus.Base.csproj", "{7276631A-79AF-464C-8595-6298BB3BCF5D}"
EndProject
Project("{FAE04EC0-301F-11D3-BF4B-00C04F79EFBC}") = "EventBus.Factory", "src\BuildingBlocks\EventBus\EventBus.Factory\EventBus.Factory.csproj", "{86E6BB80-B3F0-4B65-A958-97A0FA1DE5CB}"
EndProject
Project("{FAE04EC0-301F-11D3-BF4B-00C04F79EFBC}") = "EventBus.AzureServiceBus", "src\BuildingBlocks\EventBus\EventBus.AzureServiceBus\EventBus.AzureServiceBus.csproj", "{65E05D17-3850-4031-9B5B-3FC50AC6AAE9}"
EndProject
Project("{FAE04EC0-301F-11D3-BF4B-00C04F79EFBC}") = "EventBus.RabbitMQ", "src\BuildingBlocks\EventBus\EventBus.RabbitMQ\EventBus.RabbitMQ.csproj", "{56318158-B728-42BA-A27E-929717F50A00}"
EndProject
Project("{2150E333-8FDC-42A3-9474-1A3956D46DE8}") = "Basket", "Basket", "{A8DCCE10-F2B6-4895-A6DB-A305888B97F9}"
EndProject
Project("{FAE04EC0-301F-11D3-BF4B-00C04F79EFBC}") = "BasketService.WebApi", "src\Services\BasketService\BasketService.WebApi\BasketService.WebApi.csproj", "{828E6DA8-90CE-4871-B2B5-4F448322C609}"
EndProject
Project("{2150E333-8FDC-42A3-9474-1A3956D46DE8}") = "Catalog", "Catalog", "{D81DD1DA-FA95-4521-AE10-79BAF7925DAB}"
EndProject
Project("{FAE04EC0-301F-11D3-BF4B-00C04F79EFBC}") = "CatalogService.WebApi", "src\Services\CatalogService\CatalogService.WebApi\CatalogService.WebApi.csproj", "{21DE9C8D-FB41-4488-B060-76307F615CD6}"
EndProject
Project("{2150E333-8FDC-42A3-9474-1A3956D46DE8}") = "Identity", "Identity", "{579B9E09-21A8-4072-9BCF-E93733AA9F9E}"
EndProject
Project("{FAE04EC0-301F-11D3-BF4B-00C04F79EFBC}") = "IdentityService.WebApi", "src\Services\IdentityService\IdentityService.WebApi\IdentityService.WebApi.csproj", "{9A201D52-C155-4706-9742-82DCF9B81CFC}"
EndProject
Project("{2150E333-8FDC-42A3-9474-1A3956D46DE8}") = "Notification", "Notification", "{C1633E7E-EFB3-4C5A-8092-FC2D3D74E3E2}"
EndProject
Project("{FAE04EC0-301F-11D3-BF4B-00C04F79EFBC}") = "NotificationService", "src\Services\NotificationService\NotificationService\NotificationService.csproj", "{DE91C8A0-D306-4D0D-8DB6-7EF6C390849B}"
EndProject
Project("{2150E333-8FDC-42A3-9474-1A3956D46DE8}") = "OrderService", "OrderService", "{6C1CFDEC-1AA5-4BD0-9FD4-917B08AB8A66}"
EndProject
Project("{FAE04EC0-301F-11D3-BF4B-00C04F79EFBC}") = "OrderService.Domain", "src\Services\OrderService\OrderService.Domain\OrderService.Domain.csproj", "{E280DCBC-3375-4D24-8C52-815D0F121D58}"
EndProject
Project("{FAE04EC0-301F-11D3-BF4B-00C04F79EFBC}") = "OrderService.Application", "src\Services\OrderService\OrderService.Application\OrderService.Application.csproj", "{55E5ABBF-4C3C-4B5F-B57A-90DA07878235}"
EndProject
Project("{FAE04EC0-301F-11D3-BF4B-00C04F79EFBC}") = "OrderService.Infrastructure", "src\Services\OrderService\OrderService.Infrastructure\OrderService.Infrastructure.csproj", "{4ECFD996-A274-4638-99DA-76313DEF8ED9}"
EndProject
Project("{FAE04EC0-301F-11D3-BF4B-00C04F79EFBC}") = "OrderSService.Api", "src\Services\OrderService\OrderSService.Api\OrderSService.Api.csproj", "{C83E5318-448B-4717-B8F6-A0FBEF15D49F}"
EndProject
Project("{2150E333-8FDC-42A3-9474-1A3956D46DE8}") = "Payment", "Payment", "{BEA2532C-9255-4294-8228-37B1E52BDE01}"
EndProject
Project("{FAE04EC0-301F-11D3-BF4B-00C04F79EFBC}") = "PaymentService.Api", "src\Services\PaymentService\PaymentService.Api\PaymentService.Api.csproj", "{D7F386FF-D08A-4B12-8E84-D70B61409EB2}"
EndProject
Project("{2150E333-8FDC-42A3-9474-1A3956D46DE8}") = "BlazorWebApp", "BlazorWebApp", "{F479C1B8-C631-4ABC-B030-E39C1370E064}"
EndProject
Project("{FAE04EC0-301F-11D3-BF4B-00C04F79EFBC}") = "WebApp", "src\Client\BlazorWebApp\WebApp\WebApp.csproj", "{A7E17191-CF56-49FD-A9B4-85AAE020DF13}"
EndProject
Global
	GlobalSection(SolutionConfigurationPlatforms) = preSolution
		Debug|Any CPU = Debug|Any CPU
		Release|Any CPU = Release|Any CPU
	EndGlobalSection
	GlobalSection(ProjectConfigurationPlatforms) = postSolution
		{150CE8FD-5B6A-4ACB-9526-CAA04214C39A}.Debug|Any CPU.ActiveCfg = Debug|Any CPU
		{150CE8FD-5B6A-4ACB-9526-CAA04214C39A}.Debug|Any CPU.Build.0 = Debug|Any CPU
		{150CE8FD-5B6A-4ACB-9526-CAA04214C39A}.Release|Any CPU.ActiveCfg = Release|Any CPU
		{150CE8FD-5B6A-4ACB-9526-CAA04214C39A}.Release|Any CPU.Build.0 = Release|Any CPU
		{7276631A-79AF-464C-8595-6298BB3BCF5D}.Debug|Any CPU.ActiveCfg = Debug|Any CPU
		{7276631A-79AF-464C-8595-6298BB3BCF5D}.Debug|Any CPU.Build.0 = Debug|Any CPU
		{7276631A-79AF-464C-8595-6298BB3BCF5D}.Release|Any CPU.ActiveCfg = Release|Any CPU
		{7276631A-79AF-464C-8595-6298BB3BCF5D}.Release|Any CPU.Build.0 = Release|Any CPU
		{86E6BB80-B3F0-4B65-A958-97A0FA1DE5CB}.Debug|Any CPU.ActiveCfg = Debug|Any CPU
		{86E6BB80-B3F0-4B65-A958-97A0FA1DE5CB}.Debug|Any CPU.Build.0 = Debug|Any CPU
		{86E6BB80-B3F0-4B65-A958-97A0FA1DE5CB}.Release|Any CPU.ActiveCfg = Release|Any CPU
		{86E6BB80-B3F0-4B65-A958-97A0FA1DE5CB}.Release|Any CPU.Build.0 = Release|Any CPU
		{65E05D17-3850-4031-9B5B-3FC50AC6AAE9}.Debug|Any CPU.ActiveCfg = Debug|Any CPU
		{65E05D17-3850-4031-9B5B-3FC50AC6AAE9}.Debug|Any CPU.Build.0 = Debug|Any CPU
		{65E05D17-3850-4031-9B5B-3FC50AC6AAE9}.Release|Any CPU.ActiveCfg = Release|Any CPU
		{65E05D17-3850-4031-9B5B-3FC50AC6AAE9}.Release|Any CPU.Build.0 = Release|Any CPU
		{56318158-B728-42BA-A27E-929717F50A00}.Debug|Any CPU.ActiveCfg = Debug|Any CPU
		{56318158-B728-42BA-A27E-929717F50A00}.Debug|Any CPU.Build.0 = Debug|Any CPU
		{56318158-B728-42BA-A27E-929717F50A00}.Release|Any CPU.ActiveCfg = Release|Any CPU
		{56318158-B728-42BA-A27E-929717F50A00}.Release|Any CPU.Build.0 = Release|Any CPU
		{828E6DA8-90CE-4871-B2B5-4F448322C609}.Debug|Any CPU.ActiveCfg = Debug|Any CPU
		{828E6DA8-90CE-4871-B2B5-4F448322C609}.Debug|Any CPU.Build.0 = Debug|Any CPU
		{828E6DA8-90CE-4871-B2B5-4F448322C609}.Release|Any CPU.ActiveCfg = Release|Any CPU
		{828E6DA8-90CE-4871-B2B5-4F448322C609}.Release|Any CPU.Build.0 = Release|Any CPU
		{21DE9C8D-FB41-4488-B060-76307F615CD6}.Debug|Any CPU.ActiveCfg = Debug|Any CPU
		{21DE9C8D-FB41-4488-B060-76307F615CD6}.Debug|Any CPU.Build.0 = Debug|Any CPU
		{21DE9C8D-FB41-4488-B060-76307F615CD6}.Release|Any CPU.ActiveCfg = Release|Any CPU
		{21DE9C8D-FB41-4488-B060-76307F615CD6}.Release|Any CPU.Build.0 = Release|Any CPU
		{9A201D52-C155-4706-9742-82DCF9B81CFC}.Debug|Any CPU.ActiveCfg = Debug|Any CPU
		{9A201D52-C155-4706-9742-82DCF9B81CFC}.Debug|Any CPU.Build.0 = Debug|Any CPU
		{9A201D52-C155-4706-9742-82DCF9B81CFC}.Release|Any CPU.ActiveCfg = Release|Any CPU
		{9A201D52-C155-4706-9742-82DCF9B81CFC}.Release|Any CPU.Build.0 = Release|Any CPU
		{DE91C8A0-D306-4D0D-8DB6-7EF6C390849B}.Debug|Any CPU.ActiveCfg = Debug|Any CPU
		{DE91C8A0-D306-4D0D-8DB6-7EF6C390849B}.Debug|Any CPU.Build.0 = Debug|Any CPU
		{DE91C8A0-D306-4D0D-8DB6-7EF6C390849B}.Release|Any CPU.ActiveCfg = Release|Any CPU
		{DE91C8A0-D306-4D0D-8DB6-7EF6C390849B}.Release|Any CPU.Build.0 = Release|Any CPU
		{E280DCBC-3375-4D24-8C52-815D0F121D58}.Debug|Any CPU.ActiveCfg = Debug|Any CPU
		{E280DCBC-3375-4D24-8C52-815D0F121D58}.Debug|Any CPU.Build.0 = Debug|Any CPU
		{E280DCBC-3375-4D24-8C52-815D0F121D58}.Release|Any CPU.ActiveCfg = Release|Any CPU
		{E280DCBC-3375-4D24-8C52-815D0F121D58}.Release|Any CPU.Build.0 = Release|Any CPU
		{55E5ABBF-4C3C-4B5F-B57A-90DA07878235}.Debug|Any CPU.ActiveCfg = Debug|Any CPU
		{55E5ABBF-4C3C-4B5F-B57A-90DA07878235}.Debug|Any CPU.Build.0 = Debug|Any CPU
		{55E5ABBF-4C3C-4B5F-B57A-90DA07878235}.Release|Any CPU.ActiveCfg = Release|Any CPU
		{55E5ABBF-4C3C-4B5F-B57A-90DA07878235}.Release|Any CPU.Build.0 = Release|Any CPU
		{4ECFD996-A274-4638-99DA-76313DEF8ED9}.Debug|Any CPU.ActiveCfg = Debug|Any CPU
		{4ECFD996-A274-4638-99DA-76313DEF8ED9}.Debug|Any CPU.Build.0 = Debug|Any CPU
		{4ECFD996-A274-4638-99DA-76313DEF8ED9}.Release|Any CPU.ActiveCfg = Release|Any CPU
		{4ECFD996-A274-4638-99DA-76313DEF8ED9}.Release|Any CPU.Build.0 = Release|Any CPU
		{C83E5318-448B-4717-B8F6-A0FBEF15D49F}.Debug|Any CPU.ActiveCfg = Debug|Any CPU
		{C83E5318-448B-4717-B8F6-A0FBEF15D49F}.Debug|Any CPU.Build.0 = Debug|Any CPU
		{C83E5318-448B-4717-B8F6-A0FBEF15D49F}.Release|Any CPU.ActiveCfg = Release|Any CPU
		{C83E5318-448B-4717-B8F6-A0FBEF15D49F}.Release|Any CPU.Build.0 = Release|Any CPU
		{D7F386FF-D08A-4B12-8E84-D70B61409EB2}.Debug|Any CPU.ActiveCfg = Debug|Any CPU
		{D7F386FF-D08A-4B12-8E84-D70B61409EB2}.Debug|Any CPU.Build.0 = Debug|Any CPU
		{D7F386FF-D08A-4B12-8E84-D70B61409EB2}.Release|Any CPU.ActiveCfg = Release|Any CPU
		{D7F386FF-D08A-4B12-8E84-D70B61409EB2}.Release|Any CPU.Build.0 = Release|Any CPU
		{A7E17191-CF56-49FD-A9B4-85AAE020DF13}.Debug|Any CPU.ActiveCfg = Debug|Any CPU
		{A7E17191-CF56-49FD-A9B4-85AAE020DF13}.Debug|Any CPU.Build.0 = Debug|Any CPU
		{A7E17191-CF56-49FD-A9B4-85AAE020DF13}.Release|Any CPU.ActiveCfg = Release|Any CPU
		{A7E17191-CF56-49FD-A9B4-85AAE020DF13}.Release|Any CPU.Build.0 = Release|Any CPU
	EndGlobalSection
	GlobalSection(SolutionProperties) = preSolution
		HideSolutionNode = FALSE
	EndGlobalSection
	GlobalSection(NestedProjects) = preSolution
		{9AA6AC2A-C346-49DD-8299-74D2D38A112C} = {1ACD54F0-8F54-4631-87E7-6566EC02EDB9}
		{DBA7C9AE-34F6-4F87-A1D5-1CE2601E2026} = {1ACD54F0-8F54-4631-87E7-6566EC02EDB9}
		{F131B3B0-69E1-43FC-82C1-393AD46D2170} = {1ACD54F0-8F54-4631-87E7-6566EC02EDB9}
		{C380B054-8C12-43DB-BBBF-3CB893EC815D} = {1ACD54F0-8F54-4631-87E7-6566EC02EDB9}
		{CCFAEDD1-AC94-41A3-81AB-BDCDAD7EF641} = {9AA6AC2A-C346-49DD-8299-74D2D38A112C}
		{150CE8FD-5B6A-4ACB-9526-CAA04214C39A} = {CCFAEDD1-AC94-41A3-81AB-BDCDAD7EF641}
		{78FF0971-59AD-4B24-892A-343D6D11D381} = {DBA7C9AE-34F6-4F87-A1D5-1CE2601E2026}
		{7276631A-79AF-464C-8595-6298BB3BCF5D} = {78FF0971-59AD-4B24-892A-343D6D11D381}
		{86E6BB80-B3F0-4B65-A958-97A0FA1DE5CB} = {78FF0971-59AD-4B24-892A-343D6D11D381}
		{65E05D17-3850-4031-9B5B-3FC50AC6AAE9} = {78FF0971-59AD-4B24-892A-343D6D11D381}
		{56318158-B728-42BA-A27E-929717F50A00} = {78FF0971-59AD-4B24-892A-343D6D11D381}
		{A8DCCE10-F2B6-4895-A6DB-A305888B97F9} = {F131B3B0-69E1-43FC-82C1-393AD46D2170}
		{828E6DA8-90CE-4871-B2B5-4F448322C609} = {A8DCCE10-F2B6-4895-A6DB-A305888B97F9}
		{D81DD1DA-FA95-4521-AE10-79BAF7925DAB} = {F131B3B0-69E1-43FC-82C1-393AD46D2170}
		{21DE9C8D-FB41-4488-B060-76307F615CD6} = {D81DD1DA-FA95-4521-AE10-79BAF7925DAB}
		{579B9E09-21A8-4072-9BCF-E93733AA9F9E} = {F131B3B0-69E1-43FC-82C1-393AD46D2170}
		{9A201D52-C155-4706-9742-82DCF9B81CFC} = {579B9E09-21A8-4072-9BCF-E93733AA9F9E}
		{C1633E7E-EFB3-4C5A-8092-FC2D3D74E3E2} = {F131B3B0-69E1-43FC-82C1-393AD46D2170}
		{DE91C8A0-D306-4D0D-8DB6-7EF6C390849B} = {C1633E7E-EFB3-4C5A-8092-FC2D3D74E3E2}
		{6C1CFDEC-1AA5-4BD0-9FD4-917B08AB8A66} = {F131B3B0-69E1-43FC-82C1-393AD46D2170}
		{E280DCBC-3375-4D24-8C52-815D0F121D58} = {6C1CFDEC-1AA5-4BD0-9FD4-917B08AB8A66}
		{55E5ABBF-4C3C-4B5F-B57A-90DA07878235} = {6C1CFDEC-1AA5-4BD0-9FD4-917B08AB8A66}
		{4ECFD996-A274-4638-99DA-76313DEF8ED9} = {6C1CFDEC-1AA5-4BD0-9FD4-917B08AB8A66}
		{C83E5318-448B-4717-B8F6-A0FBEF15D49F} = {6C1CFDEC-1AA5-4BD0-9FD4-917B08AB8A66}
		{BEA2532C-9255-4294-8228-37B1E52BDE01} = {F131B3B0-69E1-43FC-82C1-393AD46D2170}
		{D7F386FF-D08A-4B12-8E84-D70B61409EB2} = {BEA2532C-9255-4294-8228-37B1E52BDE01}
		{F479C1B8-C631-4ABC-B030-E39C1370E064} = {C380B054-8C12-43DB-BBBF-3CB893EC815D}
		{A7E17191-CF56-49FD-A9B4-85AAE020DF13} = {F479C1B8-C631-4ABC-B030-E39C1370E064}
	EndGlobalSection
	GlobalSection(ExtensibilityGlobals) = postSolution
		SolutionGuid = {065C70E3-23C3-4A44-B1FD-3A939C514405}
	EndGlobalSection
EndGlobal
